
Microsoft Visual Studio Solution File, Format Version 12.00
# Visual Studio Version 17
VisualStudioVersion = 17.0.31903.59
MinimumVisualStudioVersion = 10.0.40219.1
Project("{FAE04EC0-301F-11D3-BF4B-00C04F79EFBC}") = "TASM", "TASM\TASM.csproj", "{7FE48D2D-2954-48B3-9FF7-BBEE0E1EF3F8}"
EndProject
Project("{FAE04EC0-301F-11D3-BF4B-00C04F79EFBC}") = "TASM.Common", "TASM.Common\TASM.Common.csproj", "{9E1A64A4-58F0-482D-8B46-2E7BEDFD0EB2}"
EndProject
Global
	GlobalSection(SolutionConfigurationPlatforms) = preSolution
		Debug|Any CPU = Debug|Any CPU
		Release|Any CPU = Release|Any CPU
	EndGlobalSection
	GlobalSection(SolutionProperties) = preSolution
		HideSolutionNode = FALSE
	EndGlobalSection
	GlobalSection(ProjectConfigurationPlatforms) = postSolution
		{7FE48D2D-2954-48B3-9FF7-BBEE0E1EF3F8}.Debug|Any CPU.ActiveCfg = Debug|Any CPU
		{7FE48D2D-2954-48B3-9FF7-BBEE0E1EF3F8}.Debug|Any CPU.Build.0 = Debug|Any CPU
		{7FE48D2D-2954-48B3-9FF7-BBEE0E1EF3F8}.Release|Any CPU.ActiveCfg = Release|Any CPU
		{7FE48D2D-2954-48B3-9FF7-BBEE0E1EF3F8}.Release|Any CPU.Build.0 = Release|Any CPU
		{9E1A64A4-58F0-482D-8B46-2E7BEDFD0EB2}.Debug|Any CPU.ActiveCfg = Debug|Any CPU
		{9E1A64A4-58F0-482D-8B46-2E7BEDFD0EB2}.Debug|Any CPU.Build.0 = Debug|Any CPU
		{9E1A64A4-58F0-482D-8B46-2E7BEDFD0EB2}.Release|Any CPU.ActiveCfg = Release|Any CPU
		{9E1A64A4-58F0-482D-8B46-2E7BEDFD0EB2}.Release|Any CPU.Build.0 = Release|Any CPU
	EndGlobalSection
EndGlobal
